
Microsoft Visual Studio Solution File, Format Version 12.00
# Visual Studio Version 17
VisualStudioVersion = 17.0.32112.339
MinimumVisualStudioVersion = 10.0.40219.1
Project("{9A19103F-16F7-4668-BE54-9A1E7A4F7556}") = "MeusRendimentos", "MeusRendimentos\MeusRendimentos.csproj", "{6A1D9F1A-0B2A-4145-AC3A-99675E3F4459}"
EndProject
Project("{2150E333-8FDC-42A3-9474-1A3956D46DE8}") = "00.Tests", "00.Tests", "{B88DFED8-A616-4AFA-B8B0-64BF5DAED0A7}"
EndProject
Project("{2150E333-8FDC-42A3-9474-1A3956D46DE8}") = "01.Presentation", "01.Presentation", "{2B2BF1C7-DA22-411E-BB9E-F91CACF71E67}"
EndProject
Project("{2150E333-8FDC-42A3-9474-1A3956D46DE8}") = "02.Services", "02.Services", "{0813BB43-7492-43A0-9160-88FCC139819F}"
EndProject
Project("{2150E333-8FDC-42A3-9474-1A3956D46DE8}") = "03.Domain", "03.Domain", "{1755A19F-5506-41D0-AC85-7569AED304B8}"
EndProject
Project("{2150E333-8FDC-42A3-9474-1A3956D46DE8}") = "04.Infra", "04.Infra", "{5B8A40A9-4D43-4CFF-BCA6-74D706E2FC4B}"
EndProject
Project("{2150E333-8FDC-42A3-9474-1A3956D46DE8}") = "04.01-Data", "04.01-Data", "{B055BAAC-1466-451B-A2C4-3F7B2B29CDD0}"
EndProject
Project("{9A19103F-16F7-4668-BE54-9A1E7A4F7556}") = "MeusRendimentos.Services", "MeusRendimentos.Services\MeusRendimentos.Services.csproj", "{D3FDF3D3-31DA-40C7-9877-F0EE4A323906}"
EndProject
Project("{9A19103F-16F7-4668-BE54-9A1E7A4F7556}") = "MeusRendimentos.Domain", "MeusRendimentos.Domain\MeusRendimentos.Domain.csproj", "{E43DA6B1-7180-4B44-A926-3032B8E345E1}"
EndProject
Project("{9A19103F-16F7-4668-BE54-9A1E7A4F7556}") = "MeusRendimentos.Infra.Data", "MeusRendimentos.Infra.Data\MeusRendimentos.Infra.Data.csproj", "{B4A0AA36-A5B8-4B29-86A1-091627F2D054}"
EndProject
Project("{2150E333-8FDC-42A3-9474-1A3956D46DE8}") = "04.02-CrossCutting", "04.02-CrossCutting", "{6C6149B3-0EC4-4A4E-BDE5-16B16105C0E0}"
EndProject
Project("{9A19103F-16F7-4668-BE54-9A1E7A4F7556}") = "MeusRendimentos.Infra.CrossCutting", "MeusRendimentos.Infra.CrossCutting\MeusRendimentos.Infra.CrossCutting.csproj", "{A218C3ED-0087-4402-8553-0A6D406BD924}"
EndProject
Project("{2150E333-8FDC-42A3-9474-1A3956D46DE8}") = "04.03-Utilities", "04.03-Utilities", "{CADEB9F7-F2F3-4A3B-9E04-7D0DBFC66F02}"
EndProject
Project("{2150E333-8FDC-42A3-9474-1A3956D46DE8}") = "04.04-Swagger", "04.04-Swagger", "{ECE437F4-CCA9-486A-916D-2638690E9B4E}"
EndProject
Project("{9A19103F-16F7-4668-BE54-9A1E7A4F7556}") = "MeusRendimentos.Infra.Swagger", "MeusRendimentos.Infra.Swagger\MeusRendimentos.Infra.Swagger.csproj", "{24442000-4A83-47C3-8082-4E735ED8362A}"
EndProject
Project("{2150E333-8FDC-42A3-9474-1A3956D46DE8}") = "04.05-Database", "04.05-Database", "{C56867B4-6711-4FAF-8EB3-C6B1095B64CA}"
EndProject
Project("{9A19103F-16F7-4668-BE54-9A1E7A4F7556}") = "MeusRendimentos.Infra.Database", "MeusRendimentos.Infra.Database\MeusRendimentos.Infra.Database.csproj", "{C35627F0-5ACB-4783-AED0-9657938A43B8}"
EndProject
Project("{9A19103F-16F7-4668-BE54-9A1E7A4F7556}") = "MeusRendimentos.Test", "MeusRendimentos.Test\MeusRendimentos.Test.csproj", "{7C061B50-EC1F-41C2-81C5-9E533D8CA107}"
EndProject
Project("{9A19103F-16F7-4668-BE54-9A1E7A4F7556}") = "MeusRendimentos.Infra.Utilities", "MeusRendimentos.Infra.Utilities\MeusRendimentos.Infra.Utilities.csproj", "{C1D0954D-85D0-4955-AA96-2E8BF8E33122}"
EndProject
Project("{2150E333-8FDC-42A3-9474-1A3956D46DE8}") = "04.06-Auth", "04.06-Auth", "{3B66891A-C551-4C6D-8188-A34F6317310C}"
EndProject
Project("{FAE04EC0-301F-11D3-BF4B-00C04F79EFBC}") = "MeusRendimentos.Infra.Auth", "MeusRendimentos.Infra.Auth\MeusRendimentos.Infra.Auth.csproj", "{7A1BD6C9-C227-40C5-83A0-7D21EC1410C9}"
EndProject
Global
	GlobalSection(SolutionConfigurationPlatforms) = preSolution
		Debug|Any CPU = Debug|Any CPU
		Release|Any CPU = Release|Any CPU
	EndGlobalSection
	GlobalSection(ProjectConfigurationPlatforms) = postSolution
		{6A1D9F1A-0B2A-4145-AC3A-99675E3F4459}.Debug|Any CPU.ActiveCfg = Debug|Any CPU
		{6A1D9F1A-0B2A-4145-AC3A-99675E3F4459}.Debug|Any CPU.Build.0 = Debug|Any CPU
		{6A1D9F1A-0B2A-4145-AC3A-99675E3F4459}.Release|Any CPU.ActiveCfg = Release|Any CPU
		{6A1D9F1A-0B2A-4145-AC3A-99675E3F4459}.Release|Any CPU.Build.0 = Release|Any CPU
		{D3FDF3D3-31DA-40C7-9877-F0EE4A323906}.Debug|Any CPU.ActiveCfg = Debug|Any CPU
		{D3FDF3D3-31DA-40C7-9877-F0EE4A323906}.Debug|Any CPU.Build.0 = Debug|Any CPU
		{D3FDF3D3-31DA-40C7-9877-F0EE4A323906}.Release|Any CPU.ActiveCfg = Release|Any CPU
		{D3FDF3D3-31DA-40C7-9877-F0EE4A323906}.Release|Any CPU.Build.0 = Release|Any CPU
		{E43DA6B1-7180-4B44-A926-3032B8E345E1}.Debug|Any CPU.ActiveCfg = Debug|Any CPU
		{E43DA6B1-7180-4B44-A926-3032B8E345E1}.Debug|Any CPU.Build.0 = Debug|Any CPU
		{E43DA6B1-7180-4B44-A926-3032B8E345E1}.Release|Any CPU.ActiveCfg = Release|Any CPU
		{E43DA6B1-7180-4B44-A926-3032B8E345E1}.Release|Any CPU.Build.0 = Release|Any CPU
		{B4A0AA36-A5B8-4B29-86A1-091627F2D054}.Debug|Any CPU.ActiveCfg = Debug|Any CPU
		{B4A0AA36-A5B8-4B29-86A1-091627F2D054}.Debug|Any CPU.Build.0 = Debug|Any CPU
		{B4A0AA36-A5B8-4B29-86A1-091627F2D054}.Release|Any CPU.ActiveCfg = Release|Any CPU
		{B4A0AA36-A5B8-4B29-86A1-091627F2D054}.Release|Any CPU.Build.0 = Release|Any CPU
		{A218C3ED-0087-4402-8553-0A6D406BD924}.Debug|Any CPU.ActiveCfg = Debug|Any CPU
		{A218C3ED-0087-4402-8553-0A6D406BD924}.Debug|Any CPU.Build.0 = Debug|Any CPU
		{A218C3ED-0087-4402-8553-0A6D406BD924}.Release|Any CPU.ActiveCfg = Release|Any CPU
		{A218C3ED-0087-4402-8553-0A6D406BD924}.Release|Any CPU.Build.0 = Release|Any CPU
		{24442000-4A83-47C3-8082-4E735ED8362A}.Debug|Any CPU.ActiveCfg = Debug|Any CPU
		{24442000-4A83-47C3-8082-4E735ED8362A}.Debug|Any CPU.Build.0 = Debug|Any CPU
		{24442000-4A83-47C3-8082-4E735ED8362A}.Release|Any CPU.ActiveCfg = Release|Any CPU
		{24442000-4A83-47C3-8082-4E735ED8362A}.Release|Any CPU.Build.0 = Release|Any CPU
		{C35627F0-5ACB-4783-AED0-9657938A43B8}.Debug|Any CPU.ActiveCfg = Debug|Any CPU
		{C35627F0-5ACB-4783-AED0-9657938A43B8}.Debug|Any CPU.Build.0 = Debug|Any CPU
		{C35627F0-5ACB-4783-AED0-9657938A43B8}.Release|Any CPU.ActiveCfg = Release|Any CPU
		{C35627F0-5ACB-4783-AED0-9657938A43B8}.Release|Any CPU.Build.0 = Release|Any CPU
		{7C061B50-EC1F-41C2-81C5-9E533D8CA107}.Debug|Any CPU.ActiveCfg = Debug|Any CPU
		{7C061B50-EC1F-41C2-81C5-9E533D8CA107}.Debug|Any CPU.Build.0 = Debug|Any CPU
		{7C061B50-EC1F-41C2-81C5-9E533D8CA107}.Release|Any CPU.ActiveCfg = Release|Any CPU
		{7C061B50-EC1F-41C2-81C5-9E533D8CA107}.Release|Any CPU.Build.0 = Release|Any CPU
		{C1D0954D-85D0-4955-AA96-2E8BF8E33122}.Debug|Any CPU.ActiveCfg = Debug|Any CPU
		{C1D0954D-85D0-4955-AA96-2E8BF8E33122}.Debug|Any CPU.Build.0 = Debug|Any CPU
		{C1D0954D-85D0-4955-AA96-2E8BF8E33122}.Release|Any CPU.ActiveCfg = Release|Any CPU
		{C1D0954D-85D0-4955-AA96-2E8BF8E33122}.Release|Any CPU.Build.0 = Release|Any CPU
		{7A1BD6C9-C227-40C5-83A0-7D21EC1410C9}.Debug|Any CPU.ActiveCfg = Debug|Any CPU
		{7A1BD6C9-C227-40C5-83A0-7D21EC1410C9}.Debug|Any CPU.Build.0 = Debug|Any CPU
		{7A1BD6C9-C227-40C5-83A0-7D21EC1410C9}.Release|Any CPU.ActiveCfg = Release|Any CPU
		{7A1BD6C9-C227-40C5-83A0-7D21EC1410C9}.Release|Any CPU.Build.0 = Release|Any CPU
	EndGlobalSection
	GlobalSection(SolutionProperties) = preSolution
		HideSolutionNode = FALSE
	EndGlobalSection
	GlobalSection(NestedProjects) = preSolution
		{6A1D9F1A-0B2A-4145-AC3A-99675E3F4459} = {2B2BF1C7-DA22-411E-BB9E-F91CACF71E67}
		{B055BAAC-1466-451B-A2C4-3F7B2B29CDD0} = {5B8A40A9-4D43-4CFF-BCA6-74D706E2FC4B}
		{D3FDF3D3-31DA-40C7-9877-F0EE4A323906} = {0813BB43-7492-43A0-9160-88FCC139819F}
		{E43DA6B1-7180-4B44-A926-3032B8E345E1} = {1755A19F-5506-41D0-AC85-7569AED304B8}
		{B4A0AA36-A5B8-4B29-86A1-091627F2D054} = {B055BAAC-1466-451B-A2C4-3F7B2B29CDD0}
		{6C6149B3-0EC4-4A4E-BDE5-16B16105C0E0} = {5B8A40A9-4D43-4CFF-BCA6-74D706E2FC4B}
		{A218C3ED-0087-4402-8553-0A6D406BD924} = {6C6149B3-0EC4-4A4E-BDE5-16B16105C0E0}
		{CADEB9F7-F2F3-4A3B-9E04-7D0DBFC66F02} = {5B8A40A9-4D43-4CFF-BCA6-74D706E2FC4B}
		{ECE437F4-CCA9-486A-916D-2638690E9B4E} = {5B8A40A9-4D43-4CFF-BCA6-74D706E2FC4B}
		{24442000-4A83-47C3-8082-4E735ED8362A} = {ECE437F4-CCA9-486A-916D-2638690E9B4E}
		{C56867B4-6711-4FAF-8EB3-C6B1095B64CA} = {5B8A40A9-4D43-4CFF-BCA6-74D706E2FC4B}
		{C35627F0-5ACB-4783-AED0-9657938A43B8} = {C56867B4-6711-4FAF-8EB3-C6B1095B64CA}
		{7C061B50-EC1F-41C2-81C5-9E533D8CA107} = {B88DFED8-A616-4AFA-B8B0-64BF5DAED0A7}
		{C1D0954D-85D0-4955-AA96-2E8BF8E33122} = {CADEB9F7-F2F3-4A3B-9E04-7D0DBFC66F02}
		{3B66891A-C551-4C6D-8188-A34F6317310C} = {5B8A40A9-4D43-4CFF-BCA6-74D706E2FC4B}
		{7A1BD6C9-C227-40C5-83A0-7D21EC1410C9} = {3B66891A-C551-4C6D-8188-A34F6317310C}
	EndGlobalSection
	GlobalSection(ExtensibilityGlobals) = postSolution
		SolutionGuid = {4858A419-878D-4A65-85A4-346872232B6B}
	EndGlobalSection
EndGlobal
