
Microsoft Visual Studio Solution File, Format Version 12.00
# Visual Studio Version 17
VisualStudioVersion = 17.0.32112.339
MinimumVisualStudioVersion = 10.0.40219.1
Project("{9A19103F-16F7-4668-BE54-9A1E7A4F7556}") = "MeusRendimentos", "MeusRendimentos\MeusRendimentos.csproj", "{6A1D9F1A-0B2A-4145-AC3A-99675E3F4459}"
EndProject
Project("{2150E333-8FDC-42A3-9474-1A3956D46DE8}") = "00.Tests", "00.Tests", "{B88DFED8-A616-4AFA-B8B0-64BF5DAED0A7}"
EndProject
Project("{2150E333-8FDC-42A3-9474-1A3956D46DE8}") = "01.Presentation", "01.Presentation", "{2B2BF1C7-DA22-411E-BB9E-F91CACF71E67}"
EndProject
Project("{2150E333-8FDC-42A3-9474-1A3956D46DE8}") = "02.Services", "02.Services", "{0813BB43-7492-43A0-9160-88FCC139819F}"
EndProject
Project("{2150E333-8FDC-42A3-9474-1A3956D46DE8}") = "03.Domain", "03.Domain", "{1755A19F-5506-41D0-AC85-7569AED304B8}"
EndProject
Project("{2150E333-8FDC-42A3-9474-1A3956D46DE8}") = "04.Infra", "04.Infra", "{5B8A40A9-4D43-4CFF-BCA6-74D706E2FC4B}"
EndProject
Project("{2150E333-8FDC-42A3-9474-1A3956D46DE8}") = "04.01-Data", "04.01-Data", "{B055BAAC-1466-451B-A2C4-3F7B2B29CDD0}"
EndProject
Project("{9A19103F-16F7-4668-BE54-9A1E7A4F7556}") = "MeusRendimentos.Services", "MeusRendimentos.Services\MeusRendimentos.Services.csproj", "{D3FDF3D3-31DA-40C7-9877-F0EE4A323906}"
EndProject
Project("{9A19103F-16F7-4668-BE54-9A1E7A4F7556}") = "MeusRendimentos.Domain", "MeusRendimentos.Domain\MeusRendimentos.Domain.csproj", "{E43DA6B1-7180-4B44-A926-3032B8E345E1}"
EndProject
Project("{9A19103F-16F7-4668-BE54-9A1E7A4F7556}") = "MeusRendimentos.Infra.Data", "MeusRendimentos.Infra.Data\MeusRendimentos.Infra.Data.csproj", "{B4A0AA36-A5B8-4B29-86A1-091627F2D054}"
EndProject
Project("{2150E333-8FDC-42A3-9474-1A3956D46DE8}") = "04.02-CrossCutting", "04.02-CrossCutting", "{6C6149B3-0EC4-4A4E-BDE5-16B16105C0E0}"
EndProject
Project("{9A19103F-16F7-4668-BE54-9A1E7A4F7556}") = "MeusRendimentos.Infra.CrossCutting", "MeusRendimentos.Infra.CrossCutting\MeusRendimentos.Infra.CrossCutting.csproj", "{A218C3ED-0087-4402-8553-0A6D406BD924}"
EndProject
Project("{2150E333-8FDC-42A3-9474-1A3956D46DE8}") = "04.03-Utilities", "04.03-Utilities", "{CADEB9F7-F2F3-4A3B-9E04-7D0DBFC66F02}"
EndProject
Project("{FAE04EC0-301F-11D3-BF4B-00C04F79EFBC}") = "QueroBilhete.Infra.Utilities", "QueroBilhete.Infra.Utilities\QueroBilhete.Infra.Utilities.csproj", "{3F4DC8F0-4E27-4B51-9776-EB38A00C8F30}"
EndProject
Global
	GlobalSection(SolutionConfigurationPlatforms) = preSolution
		Debug|Any CPU = Debug|Any CPU
		Release|Any CPU = Release|Any CPU
	EndGlobalSection
	GlobalSection(ProjectConfigurationPlatforms) = postSolution
		{6A1D9F1A-0B2A-4145-AC3A-99675E3F4459}.Debug|Any CPU.ActiveCfg = Debug|Any CPU
		{6A1D9F1A-0B2A-4145-AC3A-99675E3F4459}.Debug|Any CPU.Build.0 = Debug|Any CPU
		{6A1D9F1A-0B2A-4145-AC3A-99675E3F4459}.Release|Any CPU.ActiveCfg = Release|Any CPU
		{6A1D9F1A-0B2A-4145-AC3A-99675E3F4459}.Release|Any CPU.Build.0 = Release|Any CPU
		{D3FDF3D3-31DA-40C7-9877-F0EE4A323906}.Debug|Any CPU.ActiveCfg = Debug|Any CPU
		{D3FDF3D3-31DA-40C7-9877-F0EE4A323906}.Debug|Any CPU.Build.0 = Debug|Any CPU
		{D3FDF3D3-31DA-40C7-9877-F0EE4A323906}.Release|Any CPU.ActiveCfg = Release|Any CPU
		{D3FDF3D3-31DA-40C7-9877-F0EE4A323906}.Release|Any CPU.Build.0 = Release|Any CPU
		{E43DA6B1-7180-4B44-A926-3032B8E345E1}.Debug|Any CPU.ActiveCfg = Debug|Any CPU
		{E43DA6B1-7180-4B44-A926-3032B8E345E1}.Debug|Any CPU.Build.0 = Debug|Any CPU
		{E43DA6B1-7180-4B44-A926-3032B8E345E1}.Release|Any CPU.ActiveCfg = Release|Any CPU
		{E43DA6B1-7180-4B44-A926-3032B8E345E1}.Release|Any CPU.Build.0 = Release|Any CPU
		{B4A0AA36-A5B8-4B29-86A1-091627F2D054}.Debug|Any CPU.ActiveCfg = Debug|Any CPU
		{B4A0AA36-A5B8-4B29-86A1-091627F2D054}.Debug|Any CPU.Build.0 = Debug|Any CPU
		{B4A0AA36-A5B8-4B29-86A1-091627F2D054}.Release|Any CPU.ActiveCfg = Release|Any CPU
		{B4A0AA36-A5B8-4B29-86A1-091627F2D054}.Release|Any CPU.Build.0 = Release|Any CPU
		{A218C3ED-0087-4402-8553-0A6D406BD924}.Debug|Any CPU.ActiveCfg = Debug|Any CPU
		{A218C3ED-0087-4402-8553-0A6D406BD924}.Debug|Any CPU.Build.0 = Debug|Any CPU
		{A218C3ED-0087-4402-8553-0A6D406BD924}.Release|Any CPU.ActiveCfg = Release|Any CPU
		{A218C3ED-0087-4402-8553-0A6D406BD924}.Release|Any CPU.Build.0 = Release|Any CPU
		{3F4DC8F0-4E27-4B51-9776-EB38A00C8F30}.Debug|Any CPU.ActiveCfg = Debug|Any CPU
		{3F4DC8F0-4E27-4B51-9776-EB38A00C8F30}.Debug|Any CPU.Build.0 = Debug|Any CPU
		{3F4DC8F0-4E27-4B51-9776-EB38A00C8F30}.Release|Any CPU.ActiveCfg = Release|Any CPU
		{3F4DC8F0-4E27-4B51-9776-EB38A00C8F30}.Release|Any CPU.Build.0 = Release|Any CPU
	EndGlobalSection
	GlobalSection(SolutionProperties) = preSolution
		HideSolutionNode = FALSE
	EndGlobalSection
	GlobalSection(NestedProjects) = preSolution
		{6A1D9F1A-0B2A-4145-AC3A-99675E3F4459} = {2B2BF1C7-DA22-411E-BB9E-F91CACF71E67}
		{B055BAAC-1466-451B-A2C4-3F7B2B29CDD0} = {5B8A40A9-4D43-4CFF-BCA6-74D706E2FC4B}
		{D3FDF3D3-31DA-40C7-9877-F0EE4A323906} = {0813BB43-7492-43A0-9160-88FCC139819F}
		{E43DA6B1-7180-4B44-A926-3032B8E345E1} = {1755A19F-5506-41D0-AC85-7569AED304B8}
		{B4A0AA36-A5B8-4B29-86A1-091627F2D054} = {B055BAAC-1466-451B-A2C4-3F7B2B29CDD0}
		{6C6149B3-0EC4-4A4E-BDE5-16B16105C0E0} = {5B8A40A9-4D43-4CFF-BCA6-74D706E2FC4B}
		{A218C3ED-0087-4402-8553-0A6D406BD924} = {6C6149B3-0EC4-4A4E-BDE5-16B16105C0E0}
		{CADEB9F7-F2F3-4A3B-9E04-7D0DBFC66F02} = {5B8A40A9-4D43-4CFF-BCA6-74D706E2FC4B}
		{3F4DC8F0-4E27-4B51-9776-EB38A00C8F30} = {CADEB9F7-F2F3-4A3B-9E04-7D0DBFC66F02}
	EndGlobalSection
	GlobalSection(ExtensibilityGlobals) = postSolution
		SolutionGuid = {4858A419-878D-4A65-85A4-346872232B6B}
	EndGlobalSection
EndGlobal
